Microsoft Visual Studio Solution File, Format Version 12.00
# Visual Studio Version 17
VisualStudioVersion = 17.5.2.0
MinimumVisualStudioVersion = 10.0.40219.1
Project("{FAE04EC0-301F-11D3-BF4B-00C04F79EFBC}") = "QuickStartForEmbedding", "QuickStartForEmbedding.csproj", "{74255242-C19F-B40C-B5A8-94E8052DE0FD}"
EndProject
Global
	GlobalSection(SolutionConfigurationPlatforms) = preSolution
		Debug|Any CPU = Debug|Any CPU
		Release|Any CPU = Release|Any CPU
	EndGlobalSection
	GlobalSection(ProjectConfigurationPlatforms) = postSolution
		{74255242-C19F-B40C-B5A8-94E8052DE0FD}.Debug|Any CPU.ActiveCfg = Debug|Any CPU
		{74255242-C19F-B40C-B5A8-94E8052DE0FD}.Debug|Any CPU.Build.0 = Debug|Any CPU
		{74255242-C19F-B40C-B5A8-94E8052DE0FD}.Release|Any CPU.ActiveCfg = Release|Any CPU
		{74255242-C19F-B40C-B5A8-94E8052DE0FD}.Release|Any CPU.Build.0 = Release|Any CPU
	EndGlobalSection
	GlobalSection(SolutionProperties) = preSolution
		HideSolutionNode = FALSE
	EndGlobalSection
	GlobalSection(ExtensibilityGlobals) = postSolution
		SolutionGuid = {69851F25-B989-42F4-A43E-889FFF12DBD5}
	EndGlobalSection
EndGlobal
