Microsoft Visual Studio Solution File, Format Version 12.00
# Visual Studio Version 17
VisualStudioVersion = 17.5.2.0
MinimumVisualStudioVersion = 10.0.40219.1
Project("{FAE04EC0-301F-11D3-BF4B-00C04F79EFBC}") = "DemoForGenericDataModel", "DemoForGenericDataModel.csproj", "{68F127C4-1249-6651-12FA-02B22F5766C9}"
EndProject
Global
	GlobalSection(SolutionConfigurationPlatforms) = preSolution
		Debug|Any CPU = Debug|Any CPU
		Release|Any CPU = Release|Any CPU
	EndGlobalSection
	GlobalSection(ProjectConfigurationPlatforms) = postSolution
		{68F127C4-1249-6651-12FA-02B22F5766C9}.Debug|Any CPU.ActiveCfg = Debug|Any CPU
		{68F127C4-1249-6651-12FA-02B22F5766C9}.Debug|Any CPU.Build.0 = Debug|Any CPU
		{68F127C4-1249-6651-12FA-02B22F5766C9}.Release|Any CPU.ActiveCfg = Release|Any CPU
		{68F127C4-1249-6651-12FA-02B22F5766C9}.Release|Any CPU.Build.0 = Release|Any CPU
	EndGlobalSection
	GlobalSection(SolutionProperties) = preSolution
		HideSolutionNode = FALSE
	EndGlobalSection
	GlobalSection(ExtensibilityGlobals) = postSolution
		SolutionGuid = {59629BB9-3574-4139-A09C-8A0C18C90102}
	EndGlobalSection
EndGlobal
