Microsoft Visual Studio Solution File, Format Version 12.00
# Visual Studio Version 17
VisualStudioVersion = 17.5.2.0
MinimumVisualStudioVersion = 10.0.40219.1
Project("{FAE04EC0-301F-11D3-BF4B-00C04F79EFBC}") = "DemoForVectorSearch", "DemoForVectorSearch.csproj", "{BE4E5AD7-AFD6-812B-5EB8-B6E7FC326168}"
EndProject
Global
	GlobalSection(SolutionConfigurationPlatforms) = preSolution
		Debug|Any CPU = Debug|Any CPU
		Release|Any CPU = Release|Any CPU
	EndGlobalSection
	GlobalSection(ProjectConfigurationPlatforms) = postSolution
		{BE4E5AD7-AFD6-812B-5EB8-B6E7FC326168}.Debug|Any CPU.ActiveCfg = Debug|Any CPU
		{BE4E5AD7-AFD6-812B-5EB8-B6E7FC326168}.Debug|Any CPU.Build.0 = Debug|Any CPU
		{BE4E5AD7-AFD6-812B-5EB8-B6E7FC326168}.Release|Any CPU.ActiveCfg = Release|Any CPU
		{BE4E5AD7-AFD6-812B-5EB8-B6E7FC326168}.Release|Any CPU.Build.0 = Release|Any CPU
	EndGlobalSection
	GlobalSection(SolutionProperties) = preSolution
		HideSolutionNode = FALSE
	EndGlobalSection
	GlobalSection(ExtensibilityGlobals) = postSolution
		SolutionGuid = {79BEC2D0-70C3-492A-8A6D-CE3CEA3D1A84}
	EndGlobalSection
EndGlobal
