Microsoft Visual Studio Solution File, Format Version 12.00
# Visual Studio Version 17
VisualStudioVersion = 17.5.2.0
MinimumVisualStudioVersion = 10.0.40219.1
Project("{FAE04EC0-301F-11D3-BF4B-00C04F79EFBC}") = "TelemetryConsoleQuickstart", "TelemetryConsoleQuickstart.csproj", "{065C9786-6666-7095-5785-6F6755C12ADE}"
EndProject
Global
	GlobalSection(SolutionConfigurationPlatforms) = preSolution
		Debug|Any CPU = Debug|Any CPU
		Release|Any CPU = Release|Any CPU
	EndGlobalSection
	GlobalSection(ProjectConfigurationPlatforms) = postSolution
		{065C9786-6666-7095-5785-6F6755C12ADE}.Debug|Any CPU.ActiveCfg = Debug|Any CPU
		{065C9786-6666-7095-5785-6F6755C12ADE}.Debug|Any CPU.Build.0 = Debug|Any CPU
		{065C9786-6666-7095-5785-6F6755C12ADE}.Release|Any CPU.ActiveCfg = Release|Any CPU
		{065C9786-6666-7095-5785-6F6755C12ADE}.Release|Any CPU.Build.0 = Release|Any CPU
	EndGlobalSection
	GlobalSection(SolutionProperties) = preSolution
		HideSolutionNode = FALSE
	EndGlobalSection
	GlobalSection(ExtensibilityGlobals) = postSolution
		SolutionGuid = {9B7E1C90-D4E7-4506-8490-7E35C420A788}
	EndGlobalSection
EndGlobal
