Microsoft Visual Studio Solution File, Format Version 12.00
# Visual Studio Version 17
VisualStudioVersion = 17.5.2.0
MinimumVisualStudioVersion = 10.0.40219.1
Project("{FAE04EC0-301F-11D3-BF4B-00C04F79EFBC}") = "QuickStartDeepSeek", "QuickStartDeepSeek.csproj", "{2D29AC92-6F6E-3AC5-7F01-E30F25268699}"
EndProject
Global
	GlobalSection(SolutionConfigurationPlatforms) = preSolution
		Debug|Any CPU = Debug|Any CPU
		Release|Any CPU = Release|Any CPU
	EndGlobalSection
	GlobalSection(ProjectConfigurationPlatforms) = postSolution
		{2D29AC92-6F6E-3AC5-7F01-E30F25268699}.Debug|Any CPU.ActiveCfg = Debug|Any CPU
		{2D29AC92-6F6E-3AC5-7F01-E30F25268699}.Debug|Any CPU.Build.0 = Debug|Any CPU
		{2D29AC92-6F6E-3AC5-7F01-E30F25268699}.Release|Any CPU.ActiveCfg = Release|Any CPU
		{2D29AC92-6F6E-3AC5-7F01-E30F25268699}.Release|Any CPU.Build.0 = Release|Any CPU
	EndGlobalSection
	GlobalSection(SolutionProperties) = preSolution
		HideSolutionNode = FALSE
	EndGlobalSection
	GlobalSection(ExtensibilityGlobals) = postSolution
		SolutionGuid = {47D80923-3B80-47D9-B5B5-88490399E8EE}
	EndGlobalSection
EndGlobal
